{
    "_readme": [
        "This file locks the dependencies of your project to a known state",
        "Read more about it at https://getcomposer.org/doc/01-basic-usage.md#installing-dependencies",
        "This file is @generated automatically"
    ],
    "content-hash": "ea940ea187845ddb63509a7b6d866aa3",
    "packages": [
        {
            "name": "clancats/hydrahon",
            "version": "v1.1.12",
            "source": {
                "type": "git",
                "url": "https://github.com/ClanCats/Hydrahon.git",
                "reference": "cc2fc3fd2ea082a2d531a751da49cc6a413270cd"
            },
            "dist": {
                "type": "zip",
                "url": "https://api.github.com/repos/ClanCats/Hydrahon/zipball/cc2fc3fd2ea082a2d531a751da49cc6a413270cd",
                "reference": "cc2fc3fd2ea082a2d531a751da49cc6a413270cd",
                "shasum": ""
            },
            "require": {
                "php": ">=5.4.0"
            },
            "require-dev": {
                "phpunit/phpunit": "4.*"
            },
            "type": "library",
            "autoload": {
                "psr-4": {
                    "ClanCats\\Hydrahon\\": "src/"
                }
            },
            "notification-url": "https://packagist.org/downloads/",
            "license": [
                "MIT"
            ],
            "authors": [
                {
                    "name": "Mario Döring",
                    "role": "Developer"
                }
            ],
            "description": "Fast & standalone PHP MySQL Query Builder library.",
            "homepage": "https://github.com/ClanCats/Hydrahon",
            "keywords": [
                "builder",
                "database",
                "mysql",
                "query",
                "sqlite"
            ],
            "time": "2019-09-19T10:59:20+00:00"
        },
        {
            "name": "justinrainbow/json-schema",
            "version": "5.2.9",
            "source": {
                "type": "git",
                "url": "https://github.com/justinrainbow/json-schema.git",
                "reference": "44c6787311242a979fa15c704327c20e7221a0e4"
            },
            "dist": {
                "type": "zip",
                "url": "https://api.github.com/repos/justinrainbow/json-schema/zipball/44c6787311242a979fa15c704327c20e7221a0e4",
                "reference": "44c6787311242a979fa15c704327c20e7221a0e4",
                "shasum": ""
            },
            "require": {
                "php": ">=5.3.3"
            },
            "require-dev": {
                "friendsofphp/php-cs-fixer": "~2.2.20||~2.15.1",
                "json-schema/json-schema-test-suite": "1.2.0",
                "phpunit/phpunit": "^4.8.35"
            },
            "bin": [
                "bin/validate-json"
            ],
            "type": "library",
            "extra": {
                "branch-alias": {
                    "dev-master": "5.0.x-dev"
                }
            },
            "autoload": {
                "psr-4": {
                    "JsonSchema\\": "src/JsonSchema/"
                }
            },
            "notification-url": "https://packagist.org/downloads/",
            "license": [
                "MIT"
            ],
            "authors": [
                {
                    "name": "Bruno Prieto Reis",
                    "email": "bruno.p.reis@gmail.com"
                },
                {
                    "name": "Justin Rainbow",
                    "email": "justin.rainbow@gmail.com"
                },
                {
                    "name": "Igor Wiedler",
                    "email": "igor@wiedler.ch"
                },
                {
                    "name": "Robert Schönthal",
                    "email": "seroscho@googlemail.com"
                }
            ],
            "description": "A library to validate a json schema.",
            "homepage": "https://github.com/justinrainbow/json-schema",
            "keywords": [
                "json",
                "schema"
            ],
            "time": "2019-09-25T14:49:45+00:00"
        },
        {
            "name": "kherge/file-manager",
            "version": "2.7.0",
            "source": {
                "type": "git",
                "url": "https://github.com/kherge/php.file-manager.git",
                "reference": "5cb0ff1bc29e3f1ca4523cb1afcb262262acb327"
            },
            "dist": {
                "type": "zip",
                "url": "https://api.github.com/repos/kherge/php.file-manager/zipball/5cb0ff1bc29e3f1ca4523cb1afcb262262acb327",
                "reference": "5cb0ff1bc29e3f1ca4523cb1afcb262262acb327",
                "shasum": ""
            },
            "require": {
                "php": ">=5.6"
            },
            "conflict": {
                "kherge/file": "<2.0"
            },
            "require-dev": {
                "phpunit/phpunit": "^5.7"
            },
            "type": "library",
            "extra": {
                "branch-alias": {
                    "dev-master": "2.x-dev"
                }
            },
            "autoload": {
                "files": [
                    "src/KHerGe/File/functions.php"
                ],
                "psr-4": {
                    "KHerGe\\File\\": "src/KHerGe/File"
                }
            },
            "notification-url": "https://packagist.org/downloads/",
            "license": [
                "MIT",
                "Apache-2.0"
            ],
            "authors": [
                {
                    "name": "Kevin Herrera",
                    "email": "kevin@herrera.io",
                    "homepage": "http://kevin.herrera.io/",
                    "role": "Developer"
                }
            ],
            "description": "Manages strict read and write operations.",
            "keywords": [
                "file",
                "io",
                "read",
                "write"
            ],
            "time": "2017-06-12T17:31:01+00:00"
        },
        {
            "name": "kherge/json",
            "version": "3.0.0",
            "source": {
                "type": "git",
                "url": "https://github.com/kherge/php.json.git",
                "reference": "87e8cb61300d5b727999c38b68ff438ec6e7cb1b"
            },
            "dist": {
                "type": "zip",
                "url": "https://api.github.com/repos/kherge/php.json/zipball/87e8cb61300d5b727999c38b68ff438ec6e7cb1b",
                "reference": "87e8cb61300d5b727999c38b68ff438ec6e7cb1b",
                "shasum": ""
            },
            "require": {
                "ext-json": "*",
                "justinrainbow/json-schema": "^5.1",
                "kherge/file-manager": "^2.6",
                "php": ">=7.3",
                "seld/jsonlint": "^1.5"
            },
            "type": "library",
            "extra": {
                "branch-alias": {
                    "dev-master": "3.x-dev"
                }
            },
            "autoload": {
                "psr-4": {
                    "KHerGe\\JSON\\": "src/KHerGe/JSON"
                }
            },
            "notification-url": "https://packagist.org/downloads/",
            "license": [
                "MIT",
                "Apache-2.0"
            ],
            "authors": [
                {
                    "name": "Kevin Herrera",
                    "email": "kevin@herrera.io",
                    "homepage": "http://kevin.herrera.io/",
                    "role": "Developer"
                }
            ],
            "description": "Encodes, decodes, and validates JSON data.",
            "keywords": [
                "decode",
                "encode",
                "json",
                "validate"
            ],
            "time": "2020-01-31T04:19:28+00:00"
        },
        {
            "name": "seld/jsonlint",
            "version": "1.7.2",
            "source": {
                "type": "git",
                "url": "https://github.com/Seldaek/jsonlint.git",
                "reference": "e2e5d290e4d2a4f0eb449f510071392e00e10d19"
            },
            "dist": {
                "type": "zip",
                "url": "https://api.github.com/repos/Seldaek/jsonlint/zipball/e2e5d290e4d2a4f0eb449f510071392e00e10d19",
                "reference": "e2e5d290e4d2a4f0eb449f510071392e00e10d19",
                "shasum": ""
            },
            "require": {
                "php": "^5.3 || ^7.0"
            },
            "require-dev": {
                "phpunit/phpunit": "^4.8.35 || ^5.7 || ^6.0"
            },
            "bin": [
                "bin/jsonlint"
            ],
            "type": "library",
            "autoload": {
                "psr-4": {
                    "Seld\\JsonLint\\": "src/Seld/JsonLint/"
                }
            },
            "notification-url": "https://packagist.org/downloads/",
            "license": [
                "MIT"
            ],
            "authors": [
                {
                    "name": "Jordi Boggiano",
                    "email": "j.boggiano@seld.be",
                    "homepage": "http://seld.be"
                }
            ],
            "description": "JSON Linter",
            "keywords": [
                "json",
                "linter",
                "parser",
                "validator"
            ],
            "time": "2019-10-24T14:27:39+00:00"
        }
    ],
    "packages-dev": [],
    "aliases": [],
    "minimum-stability": "stable",
    "stability-flags": [],
    "prefer-stable": false,
    "prefer-lowest": false,
    "platform": [],
    "platform-dev": []
}
